// !$*UTF8*$!
{
	archiveVersion = 1;
	classes = {
	};
	objectVersion = 56;
	objects = {

/* Begin PBXBuildFile section */
		D02EDD9A29EF1CD800A41291 /* AppDelegate.swift in Sources */ = {isa = PBXBuildFile; fileRef = D02EDD9929EF1CD800A41291 /* AppDelegate.swift */; };
		D02EDD9C29EF1CD800A41291 /* SceneDelegate.swift in Sources */ = {isa = PBXBuildFile; fileRef = D02EDD9B29EF1CD800A41291 /* SceneDelegate.swift */; };
		D02EDD9E29EF1CD800A41291 /* ViewController.swift in Sources */ = {isa = PBXBuildFile; fileRef = D02EDD9D29EF1CD800A41291 /* ViewController.swift */; };
		D02EDDA129EF1CD800A41291 /* Main.storyboard in Resources */ = {isa = PBXBuildFile; fileRef = D02EDD9F29EF1CD800A41291 /* Main.storyboard */; };
		D02EDDA429EF1CD800A41291 /* TestovoeBooks.xcdatamodeld in Sources */ = {isa = PBXBuildFile; fileRef = D02EDDA229EF1CD800A41291 /* TestovoeBooks.xcdatamodeld */; };
		D02EDDA629EF1CD800A41291 /* Assets.xcassets in Resources */ = {isa = PBXBuildFile; fileRef = D02EDDA529EF1CD800A41291 /* Assets.xcassets */; };
		D02EDDA929EF1CD800A41291 /* LaunchScreen.storyboard in Resources */ = {isa = PBXBuildFile; fileRef = D02EDDA729EF1CD800A41291 /* LaunchScreen.storyboard */; };
/* End PBXBuildFile section */

/* Begin PBXFileReference section */
		D02EDD9629EF1CD800A41291 /* TestovoeBooks.app */ = {isa = PBXFileReference; explicitFileType = wrapper.application; includeInIndex = 0; path = TestovoeBooks.app; sourceTree = BUILT_PRODUCTS_DIR; };
		D02EDD9929EF1CD800A41291 /* AppDelegate.swift */ = {isa = PBXFileReference; lastKnownFileType = sourcecode.swift; path = AppDelegate.swift; sourceTree = "<group>"; };
		D02EDD9B29EF1CD800A41291 /* SceneDelegate.swift */ = {isa = PBXFileReference; lastKnownFileType = sourcecode.swift; path = SceneDelegate.swift; sourceTree = "<group>"; };
		D02EDD9D29EF1CD800A41291 /* ViewController.swift */ = {isa = PBXFileReference; lastKnownFileType = sourcecode.swift; path = ViewController.swift; sourceTree = "<group>"; };
		D02EDDA029EF1CD800A41291 /* Base */ = {isa = PBXFileReference; lastKnownFileType = file.storyboard; name = Base; path = Base.lproj/Main.storyboard; sourceTree = "<group>"; };
		D02EDDA329EF1CD800A41291 /* TestovoeBooks.xcdatamodel */ = {isa = PBXFileReference; lastKnownFileType = wrapper.xcdatamodel; path = TestovoeBooks.xcdatamodel; sourceTree = "<group>"; };
		D02EDDA529EF1CD800A41291 /* Assets.xcassets */ = {isa = PBXFileReference; lastKnownFileType = folder.assetcatalog; path = Assets.xcassets; sourceTree = "<group>"; };
		D02EDDA829EF1CD800A41291 /* Base */ = {isa = PBXFileReference; lastKnownFileType = file.storyboard; name = Base; path = Base.lproj/LaunchScreen.storyboard; sourceTree = "<group>"; };
		D02EDDAA29EF1CD800A41291 /* Info.plist */ = {isa = PBXFileReference; lastKnownFileType = text.plist.xml; path = Info.plist; sourceTree = "<group>"; };
/* End PBXFileReference section */

/* Begin PBXFrameworksBuildPhase section */
		D02EDD9329EF1CD800A41291 /* Frameworks */ = {
			isa = PBXFrameworksBuildPhase;
			buildActionMask = 2147483647;
			files = (
			);
			runOnlyForDeploymentPostprocessing = 0;
		};
/* End PBXFrameworksBuildPhase section */

/* Begin PBXGroup section */
		D02EDD8D29EF1CD800A41291 = {
			isa = PBXGroup;
			children = (
				D02EDD9829EF1CD800A41291 /* TestovoeBooks */,
				D02EDD9729EF1CD800A41291 /* Products */,
			);
			sourceTree = "<group>";
		};
		D02EDD9729EF1CD800A41291 /* Products */ = {
			isa = PBXGroup;
			children = (
				D02EDD9629EF1CD800A41291 /* TestovoeBooks.app */,
			);
			name = Products;
			sourceTree = "<group>";
		};
		D02EDD9829EF1CD800A41291 /* TestovoeBooks */ = {
			isa = PBXGroup;
			children = (
				D02EDD9929EF1CD800A41291 /* AppDelegate.swift */,
				D02EDD9B29EF1CD800A41291 /* SceneDelegate.swift */,
				D02EDD9D29EF1CD800A41291 /* ViewController.swift */,
				D02EDD9F29EF1CD800A41291 /* Main.storyboard */,
				D02EDDA529EF1CD800A41291 /* Assets.xcassets */,
				D02EDDA729EF1CD800A41291 /* LaunchScreen.storyboard */,
				D02EDDAA29EF1CD800A41291 /* Info.plist */,
				D02EDDA229EF1CD800A41291 /* TestovoeBooks.xcdatamodeld */,
			);
			path = TestovoeBooks;
			sourceTree = "<group>";
		};
/* End PBXGroup section */

/* Begin PBXNativeTarget section */
		D02EDD9529EF1CD800A41291 /* TestovoeBooks */ = {
			isa = PBXNativeTarget;
			buildConfigurationList = D02EDDAD29EF1CD800A41291 /* Build configuration list for PBXNativeTarget "TestovoeBooks" */;
			buildPhases = (
				D02EDD9229EF1CD800A41291 /* Sources */,
				D02EDD9329EF1CD800A41291 /* Frameworks */,
				D02EDD9429EF1CD800A41291 /* Resources */,
			);
			buildRules = (
			);
			dependencies = (
			);
			name = TestovoeBooks;
			productName = TestovoeBooks;
			productReference = D02EDD9629EF1CD800A41291 /* TestovoeBooks.app */;
			productType = "com.apple.product-type.application";
		};
/* End PBXNativeTarget section */

/* Begin PBXProject section */
		D02EDD8E29EF1CD800A41291 /* Project object */ = {
			isa = PBXProject;
			attributes = {
				BuildIndependentTargetsInParallel = 1;
				LastSwiftUpdateCheck = 1410;
				LastUpgradeCheck = 1410;
				TargetAttributes = {
					D02EDD9529EF1CD800A41291 = {
						CreatedOnToolsVersion = 14.1;
					};
				};
			};
			buildConfigurationList = D02EDD9129EF1CD800A41291 /* Build configuration list for PBXProject "TestovoeBooks" */;
			compatibilityVersion = "Xcode 14.0";
			developmentRegion = en;
			hasScannedForEncodings = 0;
			knownRegions = (
				en,
				Base,
			);
			mainGroup = D02EDD8D29EF1CD800A41291;
			productRefGroup = D02EDD9729EF1CD800A41291 /* Products */;
			projectDirPath = "";
			projectRoot = "";
			targets = (
				D02EDD9529EF1CD800A41291 /* TestovoeBooks */,
			);
		};
/* End PBXProject section */

/* Begin PBXResourcesBuildPhase section */
		D02EDD9429EF1CD800A41291 /* Resources */ = {
			isa = PBXResourcesBuildPhase;
			buildActionMask = 2147483647;
			files = (
				D02EDDA929EF1CD800A41291 /* LaunchScreen.storyboard in Resources */,
				D02EDDA629EF1CD800A41291 /* Assets.xcassets in Resources */,
				D02EDDA129EF1CD800A41291 /* Main.storyboard in Resources */,
			);
			runOnlyForDeploymentPostprocessing = 0;
		};
/* End PBXResourcesBuildPhase section */

/* Begin PBXSourcesBuildPhase section */
		D02EDD9229EF1CD800A41291 /* Sources */ = {
			isa = PBXSourcesBuildPhase;
			buildActionMask = 2147483647;
			files = (
				D02EDD9E29EF1CD800A41291 /* ViewController.swift in Sources */,
				D02EDDA429EF1CD800A41291 /* TestovoeBooks.xcdatamodeld in Sources */,
				D02EDD9A29EF1CD800A41291 /* AppDelegate.swift in Sources */,
				D02EDD9C29EF1CD800A41291 /* SceneDelegate.swift in Sources */,
			);
			runOnlyForDeploymentPostprocessing = 0;
		};
/* End PBXSourcesBuildPhase section */

/* Begin PBXVariantGroup section */
		D02EDD9F29EF1CD800A41291 /* Main.storyboard */ = {
			isa = PBXVariantGroup;
			children = (
				D02EDDA029EF1CD800A41291 /* Base */,
			);
			name = Main.storyboard;
			sourceTree = "<group>";
		};
		D02EDDA729EF1CD800A41291 /* LaunchScreen.storyboard */ = {
			isa = PBXVariantGroup;
			children = (
				D02EDDA829EF1CD800A41291 /* Base */,
			);
			name = LaunchScreen.storyboard;
			sourceTree = "<group>";
		};
/* End PBXVariantGroup section */

/* Begin XCBuildConfiguration section */
		D02EDDAB29EF1CD800A41291 /* Debug */ = {
			isa = XCBuildConfiguration;
			buildSettings = {
				ALWAYS_SEARCH_USER_PATHS = NO;
				CLANG_ANALYZER_NONNULL = YES;
				CLANG_ANALYZER_NUMBER_OBJECT_CONVERSION = YES_AGGRESSIVE;
				CLANG_CXX_LANGUAGE_STANDARD = "gnu++20";
				CLANG_ENABLE_MODULES = YES;
				CLANG_ENABLE_OBJC_ARC = YES;
				CLANG_ENABLE_OBJC_WEAK = YES;
				CLANG_WARN_BLOCK_CAPTURE_AUTORELEASING = YES;
				CLANG_WARN_BOOL_CONVERSION = YES;
				CLANG_WARN_COMMA = YES;
				CLANG_WARN_CONSTANT_CONVERSION = YES;
				CLANG_WARN_DEPRECATED_OBJC_IMPLEMENTATIONS = YES;
				CLANG_WARN_DIRECT_OBJC_ISA_USAGE = YES_ERROR;
				CLANG_WARN_DOCUMENTATION_COMMENTS = YES;
				CLANG_WARN_EMPTY_BODY = YES;
				CLANG_WARN_ENUM_CONVERSION = YES;
				CLANG_WARN_INFINITE_RECURSION = YES;
				CLANG_WARN_INT_CONVERSION = YES;
				CLANG_WARN_NON_LITERAL_NULL_CONVERSION = YES;
				CLANG_WARN_OBJC_IMPLICIT_RETAIN_SELF = YES;
				CLANG_WARN_OBJC_LITERAL_CONVERSION = YES;
				CLANG_WARN_OBJC_ROOT_CLASS = YES_ERROR;
				CLANG_WARN_QUOTED_INCLUDE_IN_FRAMEWORK_HEADER = YES;
				CLANG_WARN_RANGE_LOOP_ANALYSIS = YES;
				CLANG_WARN_STRICT_PROTOTYPES = YES;
				CLANG_WARN_SUSPICIOUS_MOVE = YES;
				CLANG_WARN_UNGUARDED_AVAILABILITY = YES_AGGRESSIVE;
				CLANG_WARN_UNREACHABLE_CODE = YES;
				CLANG_WARN__DUPLICATE_METHOD_MATCH = YES;
				COPY_PHASE_STRIP = NO;
				DEBUG_INFORMATION_FORMAT = dwarf;
				ENABLE_STRICT_OBJC_MSGSEND = YES;
				ENABLE_TESTABILITY = YES;
				GCC_C_LANGUAGE_STANDARD = gnu11;
				GCC_DYNAMIC_NO_PIC = NO;
				GCC_NO_COMMON_BLOCKS = YES;
				GCC_OPTIMIZATION_LEVEL = 0;
				GCC_PREPROCESSOR_DEFINITIONS = (
					"DEBUG=1",
					"$(inherited)",
				);
				GCC_WARN_64_TO_32_BIT_CONVERSION = YES;
				GCC_WARN_ABOUT_RETURN_TYPE = YES_ERROR;
				GCC_WARN_UNDECLARED_SELECTOR = YES;
				GCC_WARN_UNINITIALIZED_AUTOS = YES_AGGRESSIVE;
				GCC_WARN_UNUSED_FUNCTION = YES;
				GCC_WARN_UNUSED_VARIABLE = YES;
				IPHONEOS_DEPLOYMENT_TARGET = 16.1;
				MTL_ENABLE_DEBUG_INFO = INCLUDE_SOURCE;
				MTL_FAST_MATH = YES;
				ONLY_ACTIVE_ARCH = YES;
				SDKROOT = iphoneos;
				SWIFT_ACTIVE_COMPILATION_CONDITIONS = DEBUG;
				SWIFT_OPTIMIZATION_LEVEL = "-Onone";
			};
			name = Debug;
		};
		D02EDDAC29EF1CD800A41291 /* Release */ = {
			isa = XCBuildConfiguration;
			buildSettings = {
				ALWAYS_SEARCH_USER_PATHS = NO;
				CLANG_ANALYZER_NONNULL = YES;
				CLANG_ANALYZER_NUMBER_OBJECT_CONVERSION = YES_AGGRESSIVE;
				CLANG_CXX_LANGUAGE_STANDARD = "gnu++20";
				CLANG_ENABLE_MODULES = YES;
				CLANG_ENABLE_OBJC_ARC = YES;
				CLANG_ENABLE_OBJC_WEAK = YES;
				CLANG_WARN_BLOCK_CAPTURE_AUTORELEASING = YES;
				CLANG_WARN_BOOL_CONVERSION = YES;
				CLANG_WARN_COMMA = YES;
				CLANG_WARN_CONSTANT_CONVERSION = YES;
				CLANG_WARN_DEPRECATED_OBJC_IMPLEMENTATIONS = YES;
				CLANG_WARN_DIRECT_OBJC_ISA_USAGE = YES_ERROR;
				CLANG_WARN_DOCUMENTATION_COMMENTS = YES;
				CLANG_WARN_EMPTY_BODY = YES;
				CLANG_WARN_ENUM_CONVERSION = YES;
				CLANG_WARN_INFINITE_RECURSION = YES;
				CLANG_WARN_INT_CONVERSION = YES;
				CLANG_WARN_NON_LITERAL_NULL_CONVERSION = YES;
				CLANG_WARN_OBJC_IMPLICIT_RETAIN_SELF = YES;
				CLANG_WARN_OBJC_LITERAL_CONVERSION = YES;
				CLANG_WARN_OBJC_ROOT_CLASS = YES_ERROR;
				CLANG_WARN_QUOTED_INCLUDE_IN_FRAMEWORK_HEADER = YES;
				CLANG_WARN_RANGE_LOOP_ANALYSIS = YES;
				CLANG_WARN_STRICT_PROTOTYPES = YES;
				CLANG_WARN_SUSPICIOUS_MOVE = YES;
				CLANG_WARN_UNGUARDED_AVAILABILITY = YES_AGGRESSIVE;
				CLANG_WARN_UNREACHABLE_CODE = YES;
				CLANG_WARN__DUPLICATE_METHOD_MATCH = YES;
				COPY_PHASE_STRIP = NO;
				DEBUG_INFORMATION_FORMAT = "dwarf-with-dsym";
				ENABLE_NS_ASSERTIONS = NO;
				ENABLE_STRICT_OBJC_MSGSEND = YES;
				GCC_C_LANGUAGE_STANDARD = gnu11;
				GCC_NO_COMMON_BLOCKS = YES;
				GCC_WARN_64_TO_32_BIT_CONVERSION = YES;
				GCC_WARN_ABOUT_RETURN_TYPE = YES_ERROR;
				GCC_WARN_UNDECLARED_SELECTOR = YES;
				GCC_WARN_UNINITIALIZED_AUTOS = YES_AGGRESSIVE;
				GCC_WARN_UNUSED_FUNCTION = YES;
				GCC_WARN_UNUSED_VARIABLE = YES;
				IPHONEOS_DEPLOYMENT_TARGET = 16.1;
				MTL_ENABLE_DEBUG_INFO = NO;
				MTL_FAST_MATH = YES;
				SDKROOT = iphoneos;
				SWIFT_COMPILATION_MODE = wholemodule;
				SWIFT_OPTIMIZATION_LEVEL = "-O";
				VALIDATE_PRODUCT = YES;
			};
			name = Release;
		};
		D02EDDAE29EF1CD800A41291 /* Debug */ = {
			isa = XCBuildConfiguration;
			buildSettings = {
				ASSETCATALOG_COMPILER_APPICON_NAME = AppIcon;
				ASSETCATALOG_COMPILER_GLOBAL_ACCENT_COLOR_NAME = AccentColor;
				CODE_SIGN_STYLE = Automatic;
				CURRENT_PROJECT_VERSION = 1;
				DEVELOPMENT_TEAM = 3GM562BC5S;
				GENERATE_INFOPLIST_FILE = YES;
				INFOPLIST_FILE = TestovoeBooks/Info.plist;
				INFOPLIST_KEY_UIApplicationSupportsIndirectInputEvents = YES;
				INFOPLIST_KEY_UILaunchStoryboardName = LaunchScreen;
				INFOPLIST_KEY_UIMainStoryboardFile = Main;
				INFOPLIST_KEY_UISupportedInterfaceOrientations_iPad = "UIInterfaceOrientationPortrait UIInterfaceOrientationPortraitUpsideDown UIInterfaceOrientationLandscapeLeft UIInterfaceOrientationLandscapeRight";
				INFOPLIST_KEY_UISupportedInterfaceOrientations_iPhone = "UIInterfaceOrientationPortrait UIInterfaceOrientationLandscapeLeft UIInterfaceOrientationLandscapeRight";
				LD_RUNPATH_SEARCH_PATHS = (
					"$(inherited)",
					"@executable_path/Frameworks",
				);
				MARKETING_VERSION = 1.0;
				PRODUCT_BUNDLE_IDENTIFIER = Junior.TestovoeBooks;
				PRODUCT_NAME = "$(TARGET_NAME)";
				SWIFT_EMIT_LOC_STRINGS = YES;
				SWIFT_VERSION = 5.0;
				TARGETED_DEVICE_FAMILY = "1,2";
			};
			name = Debug;
		};
		D02EDDAF29EF1CD800A41291 /* Release */ = {
			isa = XCBuildConfiguration;
			buildSettings = {
				ASSETCATALOG_COMPILER_APPICON_NAME = AppIcon;
				ASSETCATALOG_COMPILER_GLOBAL_ACCENT_COLOR_NAME = AccentColor;
				CODE_SIGN_STYLE = Automatic;
				CURRENT_PROJECT_VERSION = 1;
				DEVELOPMENT_TEAM = 3GM562BC5S;
				GENERATE_INFOPLIST_FILE = YES;
				INFOPLIST_FILE = TestovoeBooks/Info.plist;
				INFOPLIST_KEY_UIApplicationSupportsIndirectInputEvents = YES;
				INFOPLIST_KEY_UILaunchStoryboardName = LaunchScreen;
				INFOPLIST_KEY_UIMainStoryboardFile = Main;
				INFOPLIST_KEY_UISupportedInterfaceOrientations_iPad = "UIInterfaceOrientationPortrait UIInterfaceOrientationPortraitUpsideDown UIInterfaceOrientationLandscapeLeft UIInterfaceOrientationLandscapeRight";
				INFOPLIST_KEY_UISupportedInterfaceOrientations_iPhone = "UIInterfaceOrientationPortrait UIInterfaceOrientationLandscapeLeft UIInterfaceOrientationLandscapeRight";
				LD_RUNPATH_SEARCH_PATHS = (
					"$(inherited)",
					"@executable_path/Frameworks",
				);
				MARKETING_VERSION = 1.0;
				PRODUCT_BUNDLE_IDENTIFIER = Junior.TestovoeBooks;
				PRODUCT_NAME = "$(TARGET_NAME)";
				SWIFT_EMIT_LOC_STRINGS = YES;
				SWIFT_VERSION = 5.0;
				TARGETED_DEVICE_FAMILY = "1,2";
			};
			name = Release;
		};
/* End XCBuildConfiguration section */

/* Begin XCConfigurationList section */
		D02EDD9129EF1CD800A41291 /* Build configuration list for PBXProject "TestovoeBooks" */ = {
			isa = XCConfigurationList;
			buildConfigurations = (
				D02EDDAB29EF1CD800A41291 /* Debug */,
				D02EDDAC29EF1CD800A41291 /* Release */,
			);
			defaultConfigurationIsVisible = 0;
			defaultConfigurationName = Release;
		};
		D02EDDAD29EF1CD800A41291 /* Build configuration list for PBXNativeTarget "TestovoeBooks" */ = {
			isa = XCConfigurationList;
			buildConfigurations = (
				D02EDDAE29EF1CD800A41291 /* Debug */,
				D02EDDAF29EF1CD800A41291 /* Release */,
			);
			defaultConfigurationIsVisible = 0;
			defaultConfigurationName = Release;
		};
/* End XCConfigurationList section */

/* Begin XCVersionGroup section */
		D02EDDA229EF1CD800A41291 /* TestovoeBooks.xcdatamodeld */ = {
			isa = XCVersionGroup;
			children = (
				D02EDDA329EF1CD800A41291 /* TestovoeBooks.xcdatamodel */,
			);
			currentVersion = D02EDDA329EF1CD800A41291 /* TestovoeBooks.xcdatamodel */;
			path = TestovoeBooks.xcdatamodeld;
			sourceTree = "<group>";
			versionGroupType = wrapper.xcdatamodel;
		};
/* End XCVersionGroup section */
	};
	rootObject = D02EDD8E29EF1CD800A41291 /* Project object */;
}
